
Microsoft Visual Studio Solution File, Format Version 11.00
# Visual Studio 2010
Project("{8BC9CEB8-8B4A-11D0-8D11-00A0C91BC942}") = "test.c", "test.c\test.c.vcxproj", "{441CBC6A-E843-4CED-A78A-556FF4F0D274}"
EndProject
Global
	GlobalSection(SolutionConfigurationPlatforms) = preSolution
		Debug|Win32 = Debug|Win32
		Release|Win32 = Release|Win32
	EndGlobalSection
	GlobalSection(ProjectConfigurationPlatforms) = postSolution
		{441CBC6A-E843-4CED-A78A-556FF4F0D274}.Debug|Win32.ActiveCfg = Debug|Win32
		{441CBC6A-E843-4CED-A78A-556FF4F0D274}.Debug|Win32.Build.0 = Debug|Win32
		{441CBC6A-E843-4CED-A78A-556FF4F0D274}.Release|Win32.ActiveCfg = Release|Win32
		{441CBC6A-E843-4CED-A78A-556FF4F0D274}.Release|Win32.Build.0 = Release|Win32
	EndGlobalSection
	GlobalSection(SolutionProperties) = preSolution
		HideSolutionNode = FALSE
	EndGlobalSection
EndGlobal
